
Microsoft Visual Studio Solution File, Format Version 12.00
# Visual Studio Version 16
VisualStudioVersion = 16.0.30114.105
MinimumVisualStudioVersion = 10.0.40219.1
Project("{FAE04EC0-301F-11D3-BF4B-00C04F79EFBC}") = "WebCon.BpsExt.Training", "WebCon.BpsExt.Training\WebCon.BpsExt.Training.csproj", "{EBFBF69F-46EC-427B-A442-6C2728617737}"
EndProject
Global
	GlobalSection(SolutionConfigurationPlatforms) = preSolution
		Debug|Any CPU = Debug|Any CPU
		Release|Any CPU = Release|Any CPU
	EndGlobalSection
	GlobalSection(ProjectConfigurationPlatforms) = postSolution
		{EBFBF69F-46EC-427B-A442-6C2728617737}.Debug|Any CPU.ActiveCfg = Debug|Any CPU
		{EBFBF69F-46EC-427B-A442-6C2728617737}.Debug|Any CPU.Build.0 = Debug|Any CPU
		{EBFBF69F-46EC-427B-A442-6C2728617737}.Release|Any CPU.ActiveCfg = Release|Any CPU
		{EBFBF69F-46EC-427B-A442-6C2728617737}.Release|Any CPU.Build.0 = Release|Any CPU
	EndGlobalSection
	GlobalSection(SolutionProperties) = preSolution
		HideSolutionNode = FALSE
	EndGlobalSection
	GlobalSection(ExtensibilityGlobals) = postSolution
		SolutionGuid = {EB56965C-465E-4B47-905B-0771B758D3E5}
	EndGlobalSection
EndGlobal
